
Microsoft Visual Studio Solution File, Format Version 12.00
# Visual Studio 2012
Project("{FAE04EC0-301F-11D3-BF4B-00C04F79EFBC}") = "WebApplication1", "WebApplication1\WebApplication1.csproj", "{1090E0EC-BA63-4520-96C5-2CD437634737}"
EndProject
Project("{FAE04EC0-301F-11D3-BF4B-00C04F79EFBC}") = "WebApplication2", "WebApplication2\WebApplication2.csproj", "{C177599D-1879-4CC5-80DA-4922C17522B0}"
EndProject
Global
	GlobalSection(SolutionConfigurationPlatforms) = preSolution
		Debug|Any CPU = Debug|Any CPU
		Release|Any CPU = Release|Any CPU
	EndGlobalSection
	GlobalSection(ProjectConfigurationPlatforms) = postSolution
		{1090E0EC-BA63-4520-96C5-2CD437634737}.Debug|Any CPU.ActiveCfg = Debug|Any CPU
		{1090E0EC-BA63-4520-96C5-2CD437634737}.Debug|Any CPU.Build.0 = Debug|Any CPU
		{1090E0EC-BA63-4520-96C5-2CD437634737}.Release|Any CPU.ActiveCfg = Release|Any CPU
		{1090E0EC-BA63-4520-96C5-2CD437634737}.Release|Any CPU.Build.0 = Release|Any CPU
		{C177599D-1879-4CC5-80DA-4922C17522B0}.Debug|Any CPU.ActiveCfg = Debug|Any CPU
		{C177599D-1879-4CC5-80DA-4922C17522B0}.Debug|Any CPU.Build.0 = Debug|Any CPU
		{C177599D-1879-4CC5-80DA-4922C17522B0}.Release|Any CPU.ActiveCfg = Release|Any CPU
		{C177599D-1879-4CC5-80DA-4922C17522B0}.Release|Any CPU.Build.0 = Release|Any CPU
	EndGlobalSection
	GlobalSection(SolutionProperties) = preSolution
		HideSolutionNode = FALSE
	EndGlobalSection
EndGlobal
